
Microsoft Visual Studio Solution File, Format Version 12.00
# Visual Studio Version 16
VisualStudioVersion = 16.0.31025.194
MinimumVisualStudioVersion = 10.0.40219.1
Project("{2150E333-8FDC-42A3-9474-1A3956D46DE8}") = "01.Client", "01.Client", "{95E6A88E-9206-40D0-AC3D-3FA4CC543009}"
EndProject
Project("{2150E333-8FDC-42A3-9474-1A3956D46DE8}") = "02.API", "02.API", "{252E4135-034C-4369-933E-1AC10F46B387}"
EndProject
Project("{2150E333-8FDC-42A3-9474-1A3956D46DE8}") = "03.Service", "03.Service", "{9E7926E4-0A59-4A58-AF71-A6CC56057061}"
EndProject
Project("{2150E333-8FDC-42A3-9474-1A3956D46DE8}") = "04.Persistence", "04.Persistence", "{DA6F6F2F-DBA7-4809-A01D-212797F903E4}"
EndProject
Project("{2150E333-8FDC-42A3-9474-1A3956D46DE8}") = "05.Model", "05.Model", "{40DD3000-72DA-4D21-AE11-26DBAB7D684C}"
EndProject
Project("{9A19103F-16F7-4668-BE54-9A1E7A4F7556}") = "SPAClient", "src\SPAClient\SPAClient.csproj", "{B84BA43E-0D28-49F5-8871-19DB2789AF43}"
EndProject
Project("{FAE04EC0-301F-11D3-BF4B-00C04F79EFBC}") = "Service", "src\Service\Service.csproj", "{432BDC60-5E68-4C33-B332-BB402CC565E6}"
EndProject
Project("{FAE04EC0-301F-11D3-BF4B-00C04F79EFBC}") = "PersistenceDatabase", "src\PersistenceDatabase\PersistenceDatabase.csproj", "{527DAD04-8705-4345-B4E3-CD73BEB03641}"
EndProject
Project("{FAE04EC0-301F-11D3-BF4B-00C04F79EFBC}") = "Model", "src\Model\Model.csproj", "{7B0BCEF0-138A-4E47-B8E4-E8B32C6659E6}"
EndProject
Project("{FAE04EC0-301F-11D3-BF4B-00C04F79EFBC}") = "ModelDTOs", "src\ModelDTOs\ModelDTOs.csproj", "{6DE3D44A-50BD-46F5-8DF2-2CF8C4EF9490}"
EndProject
Project("{FAE04EC0-301F-11D3-BF4B-00C04F79EFBC}") = "CoreAPI", "src\CoreAPI\CoreAPI.csproj", "{244F0061-8AD4-4222-9ED6-323FAECFC255}"
EndProject
Global
	GlobalSection(SolutionConfigurationPlatforms) = preSolution
		Debug|Any CPU = Debug|Any CPU
		Release|Any CPU = Release|Any CPU
	EndGlobalSection
	GlobalSection(ProjectConfigurationPlatforms) = postSolution
		{B84BA43E-0D28-49F5-8871-19DB2789AF43}.Debug|Any CPU.ActiveCfg = Debug|Any CPU
		{B84BA43E-0D28-49F5-8871-19DB2789AF43}.Debug|Any CPU.Build.0 = Debug|Any CPU
		{B84BA43E-0D28-49F5-8871-19DB2789AF43}.Release|Any CPU.ActiveCfg = Release|Any CPU
		{B84BA43E-0D28-49F5-8871-19DB2789AF43}.Release|Any CPU.Build.0 = Release|Any CPU
		{432BDC60-5E68-4C33-B332-BB402CC565E6}.Debug|Any CPU.ActiveCfg = Debug|Any CPU
		{432BDC60-5E68-4C33-B332-BB402CC565E6}.Debug|Any CPU.Build.0 = Debug|Any CPU
		{432BDC60-5E68-4C33-B332-BB402CC565E6}.Release|Any CPU.ActiveCfg = Release|Any CPU
		{432BDC60-5E68-4C33-B332-BB402CC565E6}.Release|Any CPU.Build.0 = Release|Any CPU
		{527DAD04-8705-4345-B4E3-CD73BEB03641}.Debug|Any CPU.ActiveCfg = Debug|Any CPU
		{527DAD04-8705-4345-B4E3-CD73BEB03641}.Debug|Any CPU.Build.0 = Debug|Any CPU
		{527DAD04-8705-4345-B4E3-CD73BEB03641}.Release|Any CPU.ActiveCfg = Release|Any CPU
		{527DAD04-8705-4345-B4E3-CD73BEB03641}.Release|Any CPU.Build.0 = Release|Any CPU
		{7B0BCEF0-138A-4E47-B8E4-E8B32C6659E6}.Debug|Any CPU.ActiveCfg = Debug|Any CPU
		{7B0BCEF0-138A-4E47-B8E4-E8B32C6659E6}.Debug|Any CPU.Build.0 = Debug|Any CPU
		{7B0BCEF0-138A-4E47-B8E4-E8B32C6659E6}.Release|Any CPU.ActiveCfg = Release|Any CPU
		{7B0BCEF0-138A-4E47-B8E4-E8B32C6659E6}.Release|Any CPU.Build.0 = Release|Any CPU
		{6DE3D44A-50BD-46F5-8DF2-2CF8C4EF9490}.Debug|Any CPU.ActiveCfg = Debug|Any CPU
		{6DE3D44A-50BD-46F5-8DF2-2CF8C4EF9490}.Debug|Any CPU.Build.0 = Debug|Any CPU
		{6DE3D44A-50BD-46F5-8DF2-2CF8C4EF9490}.Release|Any CPU.ActiveCfg = Release|Any CPU
		{6DE3D44A-50BD-46F5-8DF2-2CF8C4EF9490}.Release|Any CPU.Build.0 = Release|Any CPU
		{244F0061-8AD4-4222-9ED6-323FAECFC255}.Debug|Any CPU.ActiveCfg = Debug|Any CPU
		{244F0061-8AD4-4222-9ED6-323FAECFC255}.Debug|Any CPU.Build.0 = Debug|Any CPU
		{244F0061-8AD4-4222-9ED6-323FAECFC255}.Release|Any CPU.ActiveCfg = Release|Any CPU
		{244F0061-8AD4-4222-9ED6-323FAECFC255}.Release|Any CPU.Build.0 = Release|Any CPU
	EndGlobalSection
	GlobalSection(SolutionProperties) = preSolution
		HideSolutionNode = FALSE
	EndGlobalSection
	GlobalSection(NestedProjects) = preSolution
		{B84BA43E-0D28-49F5-8871-19DB2789AF43} = {95E6A88E-9206-40D0-AC3D-3FA4CC543009}
		{432BDC60-5E68-4C33-B332-BB402CC565E6} = {9E7926E4-0A59-4A58-AF71-A6CC56057061}
		{527DAD04-8705-4345-B4E3-CD73BEB03641} = {DA6F6F2F-DBA7-4809-A01D-212797F903E4}
		{7B0BCEF0-138A-4E47-B8E4-E8B32C6659E6} = {40DD3000-72DA-4D21-AE11-26DBAB7D684C}
		{6DE3D44A-50BD-46F5-8DF2-2CF8C4EF9490} = {40DD3000-72DA-4D21-AE11-26DBAB7D684C}
		{244F0061-8AD4-4222-9ED6-323FAECFC255} = {252E4135-034C-4369-933E-1AC10F46B387}
	EndGlobalSection
	GlobalSection(ExtensibilityGlobals) = postSolution
		SolutionGuid = {4175FE50-A25A-4FB0-A39F-5E1BF74AFA75}
	EndGlobalSection
EndGlobal
